// !$*UTF8*$!
{
	archiveVersion = 1;
	classes = {
	};
	objectVersion = 56;
	objects = {

/* Begin PBXBuildFile section */
		8A1D2C5D2B4F0170006C8922 /* MemorizeApp.swift in Sources */ = {isa = PBXBuildFile; fileRef = 8A1D2C5C2B4F0170006C8922 /* MemorizeApp.swift */; };
		8A1D2C5F2B4F0170006C8922 /* EmojiMemoryGameView.swift in Sources */ = {isa = PBXBuildFile; fileRef = 8A1D2C5E2B4F0170006C8922 /* EmojiMemoryGameView.swift */; };
		8A1D2C612B4F0171006C8922 /* Assets.xcassets in Resources */ = {isa = PBXBuildFile; fileRef = 8A1D2C602B4F0171006C8922 /* Assets.xcassets */; };
		8A1D2C642B4F0171006C8922 /* Preview Assets.xcassets in Resources */ = {isa = PBXBuildFile; fileRef = 8A1D2C632B4F0171006C8922 /* Preview Assets.xcassets */; };
		8A1D2C6E2B4F0171006C8922 /* MemorizeTests.swift in Sources */ = {isa = PBXBuildFile; fileRef = 8A1D2C6D2B4F0171006C8922 /* MemorizeTests.swift */; };
		8A1D2C782B4F0171006C8922 /* MemorizeUITests.swift in Sources */ = {isa = PBXBuildFile; fileRef = 8A1D2C772B4F0171006C8922 /* MemorizeUITests.swift */; };
		8A1D2C7A2B4F0171006C8922 /* MemorizeUITestsLaunchTests.swift in Sources */ = {isa = PBXBuildFile; fileRef = 8A1D2C792B4F0171006C8922 /* MemorizeUITestsLaunchTests.swift */; };
		8A1D2C872B5039F4006C8922 /* MemoryGame.swift in Sources */ = {isa = PBXBuildFile; fileRef = 8A1D2C862B5039F3006C8922 /* MemoryGame.swift */; };
		8A1D2C892B503BD9006C8922 /* EmojiMemoryGame.swift in Sources */ = {isa = PBXBuildFile; fileRef = 8A1D2C882B503BD9006C8922 /* EmojiMemoryGame.swift */; };
		8A1D2C8B2B518849006C8922 /* EmojiTheme.swift in Sources */ = {isa = PBXBuildFile; fileRef = 8A1D2C8A2B518849006C8922 /* EmojiTheme.swift */; };
		8A1D2C8D2B5ACE05006C8922 /* AspectVGrid.swift in Sources */ = {isa = PBXBuildFile; fileRef = 8A1D2C8C2B5ACE05006C8922 /* AspectVGrid.swift */; };
		8A1D2CCF2B5ED5DD006C8922 /* CardView.swift in Sources */ = {isa = PBXBuildFile; fileRef = 8A1D2CCE2B5ED5DD006C8922 /* CardView.swift */; };
/* End PBXBuildFile section */

/* Begin PBXContainerItemProxy section */
		8A1D2C6A2B4F0171006C8922 /* PBXContainerItemProxy */ = {
			isa = PBXContainerItemProxy;
			containerPortal = 8A1D2C512B4F0170006C8922 /* Project object */;
			proxyType = 1;
			remoteGlobalIDString = 8A1D2C582B4F0170006C8922;
			remoteInfo = Memorize;
		};
		8A1D2C742B4F0171006C8922 /* PBXContainerItemProxy */ = {
			isa = PBXContainerItemProxy;
			containerPortal = 8A1D2C512B4F0170006C8922 /* Project object */;
			proxyType = 1;
			remoteGlobalIDString = 8A1D2C582B4F0170006C8922;
			remoteInfo = Memorize;
		};
/* End PBXContainerItemProxy section */

/* Begin PBXFileReference section */
		8A1D2C592B4F0170006C8922 /* Memorize.app */ = {isa = PBXFileReference; explicitFileType = wrapper.application; includeInIndex = 0; path = Memorize.app; sourceTree = BUILT_PRODUCTS_DIR; };
		8A1D2C5C2B4F0170006C8922 /* MemorizeApp.swift */ = {isa = PBXFileReference; lastKnownFileType = sourcecode.swift; path = MemorizeApp.swift; sourceTree = "<group>"; };
		8A1D2C5E2B4F0170006C8922 /* EmojiMemoryGameView.swift */ = {isa = PBXFileReference; lastKnownFileType = sourcecode.swift; path = EmojiMemoryGameView.swift; sourceTree = "<group>"; };
		8A1D2C602B4F0171006C8922 /* Assets.xcassets */ = {isa = PBXFileReference; lastKnownFileType = folder.assetcatalog; path = Assets.xcassets; sourceTree = "<group>"; };
		8A1D2C632B4F0171006C8922 /* Preview Assets.xcassets */ = {isa = PBXFileReference; lastKnownFileType = folder.assetcatalog; path = "Preview Assets.xcassets"; sourceTree = "<group>"; };
		8A1D2C692B4F0171006C8922 /* MemorizeTests.xctest */ = {isa = PBXFileReference; explicitFileType = wrapper.cfbundle; includeInIndex = 0; path = MemorizeTests.xctest; sourceTree = BUILT_PRODUCTS_DIR; };
		8A1D2C6D2B4F0171006C8922 /* MemorizeTests.swift */ = {isa = PBXFileReference; lastKnownFileType = sourcecode.swift; path = MemorizeTests.swift; sourceTree = "<group>"; };
		8A1D2C732B4F0171006C8922 /* MemorizeUITests.xctest */ = {isa = PBXFileReference; explicitFileType = wrapper.cfbundle; includeInIndex = 0; path = MemorizeUITests.xctest; sourceTree = BUILT_PRODUCTS_DIR; };
		8A1D2C772B4F0171006C8922 /* MemorizeUITests.swift */ = {isa = PBXFileReference; lastKnownFileType = sourcecode.swift; path = MemorizeUITests.swift; sourceTree = "<group>"; };
		8A1D2C792B4F0171006C8922 /* MemorizeUITestsLaunchTests.swift */ = {isa = PBXFileReference; lastKnownFileType = sourcecode.swift; path = MemorizeUITestsLaunchTests.swift; sourceTree = "<group>"; };
		8A1D2C862B5039F3006C8922 /* MemoryGame.swift */ = {isa = PBXFileReference; lastKnownFileType = sourcecode.swift; path = MemoryGame.swift; sourceTree = "<group>"; };
		8A1D2C882B503BD9006C8922 /* EmojiMemoryGame.swift */ = {isa = PBXFileReference; lastKnownFileType = sourcecode.swift; path = EmojiMemoryGame.swift; sourceTree = "<group>"; };
		8A1D2C8A2B518849006C8922 /* EmojiTheme.swift */ = {isa = PBXFileReference; lastKnownFileType = sourcecode.swift; path = EmojiTheme.swift; sourceTree = "<group>"; };
		8A1D2C8C2B5ACE05006C8922 /* AspectVGrid.swift */ = {isa = PBXFileReference; lastKnownFileType = sourcecode.swift; path = AspectVGrid.swift; sourceTree = "<group>"; };
		8A1D2CCE2B5ED5DD006C8922 /* CardView.swift */ = {isa = PBXFileReference; lastKnownFileType = sourcecode.swift; path = CardView.swift; sourceTree = "<group>"; };
/* End PBXFileReference section */

/* Begin PBXFrameworksBuildPhase section */
		8A1D2C562B4F0170006C8922 /* Frameworks */ = {
			isa = PBXFrameworksBuildPhase;
			buildActionMask = 2147483647;
			files = (
			);
			runOnlyForDeploymentPostprocessing = 0;
		};
		8A1D2C662B4F0171006C8922 /* Frameworks */ = {
			isa = PBXFrameworksBuildPhase;
			buildActionMask = 2147483647;
			files = (
			);
			runOnlyForDeploymentPostprocessing = 0;
		};
		8A1D2C702B4F0171006C8922 /* Frameworks */ = {
			isa = PBXFrameworksBuildPhase;
			buildActionMask = 2147483647;
			files = (
			);
			runOnlyForDeploymentPostprocessing = 0;
		};
/* End PBXFrameworksBuildPhase section */

/* Begin PBXGroup section */
		8A1D2C502B4F0170006C8922 = {
			isa = PBXGroup;
			children = (
				8A1D2C5B2B4F0170006C8922 /* Memorize */,
				8A1D2C6C2B4F0171006C8922 /* MemorizeTests */,
				8A1D2C762B4F0171006C8922 /* MemorizeUITests */,
				8A1D2C5A2B4F0170006C8922 /* Products */,
			);
			sourceTree = "<group>";
		};
		8A1D2C5A2B4F0170006C8922 /* Products */ = {
			isa = PBXGroup;
			children = (
				8A1D2C592B4F0170006C8922 /* Memorize.app */,
				8A1D2C692B4F0171006C8922 /* MemorizeTests.xctest */,
				8A1D2C732B4F0171006C8922 /* MemorizeUITests.xctest */,
			);
			name = Products;
			sourceTree = "<group>";
		};
		8A1D2C5B2B4F0170006C8922 /* Memorize */ = {
			isa = PBXGroup;
			children = (
				8A1D2C5C2B4F0170006C8922 /* MemorizeApp.swift */,
				8A1D2C5E2B4F0170006C8922 /* EmojiMemoryGameView.swift */,
				8A1D2CCE2B5ED5DD006C8922 /* CardView.swift */,
				8A1D2C8C2B5ACE05006C8922 /* AspectVGrid.swift */,
				8A1D2C8A2B518849006C8922 /* EmojiTheme.swift */,
				8A1D2C602B4F0171006C8922 /* Assets.xcassets */,
				8A1D2C622B4F0171006C8922 /* Preview Content */,
				8A1D2C862B5039F3006C8922 /* MemoryGame.swift */,
				8A1D2C882B503BD9006C8922 /* EmojiMemoryGame.swift */,
			);
			path = Memorize;
			sourceTree = "<group>";
		};
		8A1D2C622B4F0171006C8922 /* Preview Content */ = {
			isa = PBXGroup;
			children = (
				8A1D2C632B4F0171006C8922 /* Preview Assets.xcassets */,
			);
			path = "Preview Content";
			sourceTree = "<group>";
		};
		8A1D2C6C2B4F0171006C8922 /* MemorizeTests */ = {
			isa = PBXGroup;
			children = (
				8A1D2C6D2B4F0171006C8922 /* MemorizeTests.swift */,
			);
			path = MemorizeTests;
			sourceTree = "<group>";
		};
		8A1D2C762B4F0171006C8922 /* MemorizeUITests */ = {
			isa = PBXGroup;
			children = (
				8A1D2C772B4F0171006C8922 /* MemorizeUITests.swift */,
				8A1D2C792B4F0171006C8922 /* MemorizeUITestsLaunchTests.swift */,
			);
			path = MemorizeUITests;
			sourceTree = "<group>";
		};
/* End PBXGroup section */

/* Begin PBXNativeTarget section */
		8A1D2C582B4F0170006C8922 /* Memorize */ = {
			isa = PBXNativeTarget;
			buildConfigurationList = 8A1D2C7D2B4F0171006C8922 /* Build configuration list for PBXNativeTarget "Memorize" */;
			buildPhases = (
				8A1D2C552B4F0170006C8922 /* Sources */,
				8A1D2C562B4F0170006C8922 /* Frameworks */,
				8A1D2C572B4F0170006C8922 /* Resources */,
			);
			buildRules = (
			);
			dependencies = (
			);
			name = Memorize;
			productName = Memorize;
			productReference = 8A1D2C592B4F0170006C8922 /* Memorize.app */;
			productType = "com.apple.product-type.application";
		};
		8A1D2C682B4F0171006C8922 /* MemorizeTests */ = {
			isa = PBXNativeTarget;
			buildConfigurationList = 8A1D2C802B4F0171006C8922 /* Build configuration list for PBXNativeTarget "MemorizeTests" */;
			buildPhases = (
				8A1D2C652B4F0171006C8922 /* Sources */,
				8A1D2C662B4F0171006C8922 /* Frameworks */,
				8A1D2C672B4F0171006C8922 /* Resources */,
			);
			buildRules = (
			);
			dependencies = (
				8A1D2C6B2B4F0171006C8922 /* PBXTargetDependency */,
			);
			name = MemorizeTests;
			productName = MemorizeTests;
			productReference = 8A1D2C692B4F0171006C8922 /* MemorizeTests.xctest */;
			productType = "com.apple.product-type.bundle.unit-test";
		};
		8A1D2C722B4F0171006C8922 /* MemorizeUITests */ = {
			isa = PBXNativeTarget;
			buildConfigurationList = 8A1D2C832B4F0171006C8922 /* Build configuration list for PBXNativeTarget "MemorizeUITests" */;
			buildPhases = (
				8A1D2C6F2B4F0171006C8922 /* Sources */,
				8A1D2C702B4F0171006C8922 /* Frameworks */,
				8A1D2C712B4F0171006C8922 /* Resources */,
			);
			buildRules = (
			);
			dependencies = (
				8A1D2C752B4F0171006C8922 /* PBXTargetDependency */,
			);
			name = MemorizeUITests;
			productName = MemorizeUITests;
			productReference = 8A1D2C732B4F0171006C8922 /* MemorizeUITests.xctest */;
			productType = "com.apple.product-type.bundle.ui-testing";
		};
/* End PBXNativeTarget section */

/* Begin PBXProject section */
		8A1D2C512B4F0170006C8922 /* Project object */ = {
			isa = PBXProject;
			attributes = {
				BuildIndependentTargetsInParallel = 1;
				LastSwiftUpdateCheck = 1520;
				LastUpgradeCheck = 1520;
				TargetAttributes = {
					8A1D2C582B4F0170006C8922 = {
						CreatedOnToolsVersion = 15.2;
					};
					8A1D2C682B4F0171006C8922 = {
						CreatedOnToolsVersion = 15.2;
						TestTargetID = 8A1D2C582B4F0170006C8922;
					};
					8A1D2C722B4F0171006C8922 = {
						CreatedOnToolsVersion = 15.2;
						TestTargetID = 8A1D2C582B4F0170006C8922;
					};
				};
			};
			buildConfigurationList = 8A1D2C542B4F0170006C8922 /* Build configuration list for PBXProject "Memorize" */;
			compatibilityVersion = "Xcode 14.0";
			developmentRegion = en;
			hasScannedForEncodings = 0;
			knownRegions = (
				en,
				Base,
			);
			mainGroup = 8A1D2C502B4F0170006C8922;
			productRefGroup = 8A1D2C5A2B4F0170006C8922 /* Products */;
			projectDirPath = "";
			projectRoot = "";
			targets = (
				8A1D2C582B4F0170006C8922 /* Memorize */,
				8A1D2C682B4F0171006C8922 /* MemorizeTests */,
				8A1D2C722B4F0171006C8922 /* MemorizeUITests */,
			);
		};
/* End PBXProject section */

/* Begin PBXResourcesBuildPhase section */
		8A1D2C572B4F0170006C8922 /* Resources */ = {
			isa = PBXResourcesBuildPhase;
			buildActionMask = 2147483647;
			files = (
				8A1D2C642B4F0171006C8922 /* Preview Assets.xcassets in Resources */,
				8A1D2C612B4F0171006C8922 /* Assets.xcassets in Resources */,
			);
			runOnlyForDeploymentPostprocessing = 0;
		};
		8A1D2C672B4F0171006C8922 /* Resources */ = {
			isa = PBXResourcesBuildPhase;
			buildActionMask = 2147483647;
			files = (
			);
			runOnlyForDeploymentPostprocessing = 0;
		};
		8A1D2C712B4F0171006C8922 /* Resources */ = {
			isa = PBXResourcesBuildPhase;
			buildActionMask = 2147483647;
			files = (
			);
			runOnlyForDeploymentPostprocessing = 0;
		};
/* End PBXResourcesBuildPhase section */

/* Begin PBXSourcesBuildPhase section */
		8A1D2C552B4F0170006C8922 /* Sources */ = {
			isa = PBXSourcesBuildPhase;
			buildActionMask = 2147483647;
			files = (
				8A1D2CCF2B5ED5DD006C8922 /* CardView.swift in Sources */,
				8A1D2C8B2B518849006C8922 /* EmojiTheme.swift in Sources */,
				8A1D2C5F2B4F0170006C8922 /* EmojiMemoryGameView.swift in Sources */,
				8A1D2C8D2B5ACE05006C8922 /* AspectVGrid.swift in Sources */,
				8A1D2C5D2B4F0170006C8922 /* MemorizeApp.swift in Sources */,
				8A1D2C872B5039F4006C8922 /* MemoryGame.swift in Sources */,
				8A1D2C892B503BD9006C8922 /* EmojiMemoryGame.swift in Sources */,
			);
			runOnlyForDeploymentPostprocessing = 0;
		};
		8A1D2C652B4F0171006C8922 /* Sources */ = {
			isa = PBXSourcesBuildPhase;
			buildActionMask = 2147483647;
			files = (
				8A1D2C6E2B4F0171006C8922 /* MemorizeTests.swift in Sources */,
			);
			runOnlyForDeploymentPostprocessing = 0;
		};
		8A1D2C6F2B4F0171006C8922 /* Sources */ = {
			isa = PBXSourcesBuildPhase;
			buildActionMask = 2147483647;
			files = (
				8A1D2C7A2B4F0171006C8922 /* MemorizeUITestsLaunchTests.swift in Sources */,
				8A1D2C782B4F0171006C8922 /* MemorizeUITests.swift in Sources */,
			);
			runOnlyForDeploymentPostprocessing = 0;
		};
/* End PBXSourcesBuildPhase section */

/* Begin PBXTargetDependency section */
		8A1D2C6B2B4F0171006C8922 /* PBXTargetDependency */ = {
			isa = PBXTargetDependency;
			target = 8A1D2C582B4F0170006C8922 /* Memorize */;
			targetProxy = 8A1D2C6A2B4F0171006C8922 /* PBXContainerItemProxy */;
		};
		8A1D2C752B4F0171006C8922 /* PBXTargetDependency */ = {
			isa = PBXTargetDependency;
			target = 8A1D2C582B4F0170006C8922 /* Memorize */;
			targetProxy = 8A1D2C742B4F0171006C8922 /* PBXContainerItemProxy */;
		};
/* End PBXTargetDependency section */

/* Begin XCBuildConfiguration section */
		8A1D2C7B2B4F0171006C8922 /* Debug */ = {
			isa = XCBuildConfiguration;
			buildSettings = {
				ALWAYS_SEARCH_USER_PATHS = NO;
				ASSETCATALOG_COMPILER_GENERATE_SWIFT_ASSET_SYMBOL_EXTENSIONS = YES;
				CLANG_ANALYZER_NONNULL = YES;
				CLANG_ANALYZER_NUMBER_OBJECT_CONVERSION = YES_AGGRESSIVE;
				CLANG_CXX_LANGUAGE_STANDARD = "gnu++20";
				CLANG_ENABLE_MODULES = YES;
				CLANG_ENABLE_OBJC_ARC = YES;
				CLANG_ENABLE_OBJC_WEAK = YES;
				CLANG_WARN_BLOCK_CAPTURE_AUTORELEASING = YES;
				CLANG_WARN_BOOL_CONVERSION = YES;
				CLANG_WARN_COMMA = YES;
				CLANG_WARN_CONSTANT_CONVERSION = YES;
				CLANG_WARN_DEPRECATED_OBJC_IMPLEMENTATIONS = YES;
				CLANG_WARN_DIRECT_OBJC_ISA_USAGE = YES_ERROR;
				CLANG_WARN_DOCUMENTATION_COMMENTS = YES;
				CLANG_WARN_EMPTY_BODY = YES;
				CLANG_WARN_ENUM_CONVERSION = YES;
				CLANG_WARN_INFINITE_RECURSION = YES;
				CLANG_WARN_INT_CONVERSION = YES;
				CLANG_WARN_NON_LITERAL_NULL_CONVERSION = YES;
				CLANG_WARN_OBJC_IMPLICIT_RETAIN_SELF = YES;
				CLANG_WARN_OBJC_LITERAL_CONVERSION = YES;
				CLANG_WARN_OBJC_ROOT_CLASS = YES_ERROR;
				CLANG_WARN_QUOTED_INCLUDE_IN_FRAMEWORK_HEADER = YES;
				CLANG_WARN_RANGE_LOOP_ANALYSIS = YES;
				CLANG_WARN_STRICT_PROTOTYPES = YES;
				CLANG_WARN_SUSPICIOUS_MOVE = YES;
				CLANG_WARN_UNGUARDED_AVAILABILITY = YES_AGGRESSIVE;
				CLANG_WARN_UNREACHABLE_CODE = YES;
				CLANG_WARN__DUPLICATE_METHOD_MATCH = YES;
				COPY_PHASE_STRIP = NO;
				DEBUG_INFORMATION_FORMAT = dwarf;
				ENABLE_STRICT_OBJC_MSGSEND = YES;
				ENABLE_TESTABILITY = YES;
				ENABLE_USER_SCRIPT_SANDBOXING = YES;
				GCC_C_LANGUAGE_STANDARD = gnu17;
				GCC_DYNAMIC_NO_PIC = NO;
				GCC_NO_COMMON_BLOCKS = YES;
				GCC_OPTIMIZATION_LEVEL = 0;
				GCC_PREPROCESSOR_DEFINITIONS = (
					"DEBUG=1",
					"$(inherited)",
				);
				GCC_WARN_64_TO_32_BIT_CONVERSION = YES;
				GCC_WARN_ABOUT_RETURN_TYPE = YES_ERROR;
				GCC_WARN_UNDECLARED_SELECTOR = YES;
				GCC_WARN_UNINITIALIZED_AUTOS = YES_AGGRESSIVE;
				GCC_WARN_UNUSED_FUNCTION = YES;
				GCC_WARN_UNUSED_VARIABLE = YES;
				IPHONEOS_DEPLOYMENT_TARGET = 17.2;
				LOCALIZATION_PREFERS_STRING_CATALOGS = YES;
				MTL_ENABLE_DEBUG_INFO = INCLUDE_SOURCE;
				MTL_FAST_MATH = YES;
				ONLY_ACTIVE_ARCH = YES;
				SDKROOT = iphoneos;
				SWIFT_ACTIVE_COMPILATION_CONDITIONS = "DEBUG $(inherited)";
				SWIFT_OPTIMIZATION_LEVEL = "-Onone";
			};
			name = Debug;
		};
		8A1D2C7C2B4F0171006C8922 /* Release */ = {
			isa = XCBuildConfiguration;
			buildSettings = {
				ALWAYS_SEARCH_USER_PATHS = NO;
				ASSETCATALOG_COMPILER_GENERATE_SWIFT_ASSET_SYMBOL_EXTENSIONS = YES;
				CLANG_ANALYZER_NONNULL = YES;
				CLANG_ANALYZER_NUMBER_OBJECT_CONVERSION = YES_AGGRESSIVE;
				CLANG_CXX_LANGUAGE_STANDARD = "gnu++20";
				CLANG_ENABLE_MODULES = YES;
				CLANG_ENABLE_OBJC_ARC = YES;
				CLANG_ENABLE_OBJC_WEAK = YES;
				CLANG_WARN_BLOCK_CAPTURE_AUTORELEASING = YES;
				CLANG_WARN_BOOL_CONVERSION = YES;
				CLANG_WARN_COMMA = YES;
				CLANG_WARN_CONSTANT_CONVERSION = YES;
				CLANG_WARN_DEPRECATED_OBJC_IMPLEMENTATIONS = YES;
				CLANG_WARN_DIRECT_OBJC_ISA_USAGE = YES_ERROR;
				CLANG_WARN_DOCUMENTATION_COMMENTS = YES;
				CLANG_WARN_EMPTY_BODY = YES;
				CLANG_WARN_ENUM_CONVERSION = YES;
				CLANG_WARN_INFINITE_RECURSION = YES;
				CLANG_WARN_INT_CONVERSION = YES;
				CLANG_WARN_NON_LITERAL_NULL_CONVERSION = YES;
				CLANG_WARN_OBJC_IMPLICIT_RETAIN_SELF = YES;
				CLANG_WARN_OBJC_LITERAL_CONVERSION = YES;
				CLANG_WARN_OBJC_ROOT_CLASS = YES_ERROR;
				CLANG_WARN_QUOTED_INCLUDE_IN_FRAMEWORK_HEADER = YES;
				CLANG_WARN_RANGE_LOOP_ANALYSIS = YES;
				CLANG_WARN_STRICT_PROTOTYPES = YES;
				CLANG_WARN_SUSPICIOUS_MOVE = YES;
				CLANG_WARN_UNGUARDED_AVAILABILITY = YES_AGGRESSIVE;
				CLANG_WARN_UNREACHABLE_CODE = YES;
				CLANG_WARN__DUPLICATE_METHOD_MATCH = YES;
				COPY_PHASE_STRIP = NO;
				DEBUG_INFORMATION_FORMAT = "dwarf-with-dsym";
				ENABLE_NS_ASSERTIONS = NO;
				ENABLE_STRICT_OBJC_MSGSEND = YES;
				ENABLE_USER_SCRIPT_SANDBOXING = YES;
				GCC_C_LANGUAGE_STANDARD = gnu17;
				GCC_NO_COMMON_BLOCKS = YES;
				GCC_WARN_64_TO_32_BIT_CONVERSION = YES;
				GCC_WARN_ABOUT_RETURN_TYPE = YES_ERROR;
				GCC_WARN_UNDECLARED_SELECTOR = YES;
				GCC_WARN_UNINITIALIZED_AUTOS = YES_AGGRESSIVE;
				GCC_WARN_UNUSED_FUNCTION = YES;
				GCC_WARN_UNUSED_VARIABLE = YES;
				IPHONEOS_DEPLOYMENT_TARGET = 17.2;
				LOCALIZATION_PREFERS_STRING_CATALOGS = YES;
				MTL_ENABLE_DEBUG_INFO = NO;
				MTL_FAST_MATH = YES;
				SDKROOT = iphoneos;
				SWIFT_COMPILATION_MODE = wholemodule;
				VALIDATE_PRODUCT = YES;
			};
			name = Release;
		};
		8A1D2C7E2B4F0171006C8922 /* Debug */ = {
			isa = XCBuildConfiguration;
			buildSettings = {
				ASSETCATALOG_COMPILER_APPICON_NAME = AppIcon;
				ASSETCATALOG_COMPILER_GLOBAL_ACCENT_COLOR_NAME = AccentColor;
				CODE_SIGN_STYLE = Automatic;
				CURRENT_PROJECT_VERSION = 1;
				DEVELOPMENT_ASSET_PATHS = "\"Memorize/Preview Content\"";
				DEVELOPMENT_TEAM = 59VPT4KMHW;
				ENABLE_PREVIEWS = YES;
				GENERATE_INFOPLIST_FILE = YES;
				INFOPLIST_KEY_UIApplicationSceneManifest_Generation = YES;
				INFOPLIST_KEY_UIApplicationSupportsIndirectInputEvents = YES;
				INFOPLIST_KEY_UILaunchScreen_Generation = YES;
				INFOPLIST_KEY_UISupportedInterfaceOrientations_iPad = "UIInterfaceOrientationPortrait UIInterfaceOrientationPortraitUpsideDown UIInterfaceOrientationLandscapeLeft UIInterfaceOrientationLandscapeRight";
				INFOPLIST_KEY_UISupportedInterfaceOrientations_iPhone = "UIInterfaceOrientationPortrait UIInterfaceOrientationLandscapeLeft UIInterfaceOrientationLandscapeRight";
				LD_RUNPATH_SEARCH_PATHS = (
					"$(inherited)",
					"@executable_path/Frameworks",
				);
				MARKETING_VERSION = 1.0;
				PRODUCT_BUNDLE_IDENTIFIER = com.dcengineer.Memorize;
				PRODUCT_NAME = "$(TARGET_NAME)";
				SWIFT_EMIT_LOC_STRINGS = YES;
				SWIFT_VERSION = 5.0;
				TARGETED_DEVICE_FAMILY = "1,2";
			};
			name = Debug;
		};
		8A1D2C7F2B4F0171006C8922 /* Release */ = {
			isa = XCBuildConfiguration;
			buildSettings = {
				ASSETCATALOG_COMPILER_APPICON_NAME = AppIcon;
				ASSETCATALOG_COMPILER_GLOBAL_ACCENT_COLOR_NAME = AccentColor;
				CODE_SIGN_STYLE = Automatic;
				CURRENT_PROJECT_VERSION = 1;
				DEVELOPMENT_ASSET_PATHS = "\"Memorize/Preview Content\"";
				DEVELOPMENT_TEAM = 59VPT4KMHW;
				ENABLE_PREVIEWS = YES;
				GENERATE_INFOPLIST_FILE = YES;
				INFOPLIST_KEY_UIApplicationSceneManifest_Generation = YES;
				INFOPLIST_KEY_UIApplicationSupportsIndirectInputEvents = YES;
				INFOPLIST_KEY_UILaunchScreen_Generation = YES;
				INFOPLIST_KEY_UISupportedInterfaceOrientations_iPad = "UIInterfaceOrientationPortrait UIInterfaceOrientationPortraitUpsideDown UIInterfaceOrientationLandscapeLeft UIInterfaceOrientationLandscapeRight";
				INFOPLIST_KEY_UISupportedInterfaceOrientations_iPhone = "UIInterfaceOrientationPortrait UIInterfaceOrientationLandscapeLeft UIInterfaceOrientationLandscapeRight";
				LD_RUNPATH_SEARCH_PATHS = (
					"$(inherited)",
					"@executable_path/Frameworks",
				);
				MARKETING_VERSION = 1.0;
				PRODUCT_BUNDLE_IDENTIFIER = com.dcengineer.Memorize;
				PRODUCT_NAME = "$(TARGET_NAME)";
				SWIFT_EMIT_LOC_STRINGS = YES;
				SWIFT_VERSION = 5.0;
				TARGETED_DEVICE_FAMILY = "1,2";
			};
			name = Release;
		};
		8A1D2C812B4F0171006C8922 /* Debug */ = {
			isa = XCBuildConfiguration;
			buildSettings = {
				ALWAYS_EMBED_SWIFT_STANDARD_LIBRARIES = YES;
				BUNDLE_LOADER = "$(TEST_HOST)";
				CODE_SIGN_STYLE = Automatic;
				CURRENT_PROJECT_VERSION = 1;
				DEVELOPMENT_TEAM = 59VPT4KMHW;
				GENERATE_INFOPLIST_FILE = YES;
				IPHONEOS_DEPLOYMENT_TARGET = 17.2;
				MARKETING_VERSION = 1.0;
				PRODUCT_BUNDLE_IDENTIFIER = com.dcengineer.MemorizeTests;
				PRODUCT_NAME = "$(TARGET_NAME)";
				SWIFT_EMIT_LOC_STRINGS = NO;
				SWIFT_VERSION = 5.0;
				TARGETED_DEVICE_FAMILY = "1,2";
				TEST_HOST = "$(BUILT_PRODUCTS_DIR)/Memorize.app/$(BUNDLE_EXECUTABLE_FOLDER_PATH)/Memorize";
			};
			name = Debug;
		};
		8A1D2C822B4F0171006C8922 /* Release */ = {
			isa = XCBuildConfiguration;
			buildSettings = {
				ALWAYS_EMBED_SWIFT_STANDARD_LIBRARIES = YES;
				BUNDLE_LOADER = "$(TEST_HOST)";
				CODE_SIGN_STYLE = Automatic;
				CURRENT_PROJECT_VERSION = 1;
				DEVELOPMENT_TEAM = 59VPT4KMHW;
				GENERATE_INFOPLIST_FILE = YES;
				IPHONEOS_DEPLOYMENT_TARGET = 17.2;
				MARKETING_VERSION = 1.0;
				PRODUCT_BUNDLE_IDENTIFIER = com.dcengineer.MemorizeTests;
				PRODUCT_NAME = "$(TARGET_NAME)";
				SWIFT_EMIT_LOC_STRINGS = NO;
				SWIFT_VERSION = 5.0;
				TARGETED_DEVICE_FAMILY = "1,2";
				TEST_HOST = "$(BUILT_PRODUCTS_DIR)/Memorize.app/$(BUNDLE_EXECUTABLE_FOLDER_PATH)/Memorize";
			};
			name = Release;
		};
		8A1D2C842B4F0171006C8922 /* Debug */ = {
			isa = XCBuildConfiguration;
			buildSettings = {
				ALWAYS_EMBED_SWIFT_STANDARD_LIBRARIES = YES;
				CODE_SIGN_STYLE = Automatic;
				CURRENT_PROJECT_VERSION = 1;
				DEVELOPMENT_TEAM = 59VPT4KMHW;
				GENERATE_INFOPLIST_FILE = YES;
				MARKETING_VERSION = 1.0;
				PRODUCT_BUNDLE_IDENTIFIER = com.dcengineer.MemorizeUITests;
				PRODUCT_NAME = "$(TARGET_NAME)";
				SWIFT_EMIT_LOC_STRINGS = NO;
				SWIFT_VERSION = 5.0;
				TARGETED_DEVICE_FAMILY = "1,2";
				TEST_TARGET_NAME = Memorize;
			};
			name = Debug;
		};
		8A1D2C852B4F0171006C8922 /* Release */ = {
			isa = XCBuildConfiguration;
			buildSettings = {
				ALWAYS_EMBED_SWIFT_STANDARD_LIBRARIES = YES;
				CODE_SIGN_STYLE = Automatic;
				CURRENT_PROJECT_VERSION = 1;
				DEVELOPMENT_TEAM = 59VPT4KMHW;
				GENERATE_INFOPLIST_FILE = YES;
				MARKETING_VERSION = 1.0;
				PRODUCT_BUNDLE_IDENTIFIER = com.dcengineer.MemorizeUITests;
				PRODUCT_NAME = "$(TARGET_NAME)";
				SWIFT_EMIT_LOC_STRINGS = NO;
				SWIFT_VERSION = 5.0;
				TARGETED_DEVICE_FAMILY = "1,2";
				TEST_TARGET_NAME = Memorize;
			};
			name = Release;
		};
/* End XCBuildConfiguration section */

/* Begin XCConfigurationList section */
		8A1D2C542B4F0170006C8922 /* Build configuration list for PBXProject "Memorize" */ = {
			isa = XCConfigurationList;
			buildConfigurations = (
				8A1D2C7B2B4F0171006C8922 /* Debug */,
				8A1D2C7C2B4F0171006C8922 /* Release */,
			);
			defaultConfigurationIsVisible = 0;
			defaultConfigurationName = Release;
		};
		8A1D2C7D2B4F0171006C8922 /* Build configuration list for PBXNativeTarget "Memorize" */ = {
			isa = XCConfigurationList;
			buildConfigurations = (
				8A1D2C7E2B4F0171006C8922 /* Debug */,
				8A1D2C7F2B4F0171006C8922 /* Release */,
			);
			defaultConfigurationIsVisible = 0;
			defaultConfigurationName = Release;
		};
		8A1D2C802B4F0171006C8922 /* Build configuration list for PBXNativeTarget "MemorizeTests" */ = {
			isa = XCConfigurationList;
			buildConfigurations = (
				8A1D2C812B4F0171006C8922 /* Debug */,
				8A1D2C822B4F0171006C8922 /* Release */,
			);
			defaultConfigurationIsVisible = 0;
			defaultConfigurationName = Release;
		};
		8A1D2C832B4F0171006C8922 /* Build configuration list for PBXNativeTarget "MemorizeUITests" */ = {
			isa = XCConfigurationList;
			buildConfigurations = (
				8A1D2C842B4F0171006C8922 /* Debug */,
				8A1D2C852B4F0171006C8922 /* Release */,
			);
			defaultConfigurationIsVisible = 0;
			defaultConfigurationName = Release;
		};
/* End XCConfigurationList section */
	};
	rootObject = 8A1D2C512B4F0170006C8922 /* Project object */;
}
